
Microsoft Visual Studio Solution File, Format Version 12.00
# Visual Studio Version 16
VisualStudioVersion = 16.0.29519.87
MinimumVisualStudioVersion = 10.0.40219.1
Project("{F2A71F9B-5D33-465A-A702-920D77279786}") = "AdventOfCode2019", "AdventOfCode2019\AdventOfCode2019.fsproj", "{0F7B7025-A1AC-439A-85AF-44AFFAA34EB9}"
EndProject
Project("{F2A71F9B-5D33-465A-A702-920D77279786}") = "AdventOfCode2019Test", "AdventOfCode2019Test\AdventOfCode2019Test.fsproj", "{CE6E5AE3-FDCA-4823-A3A0-5DCB2162AE2F}"
EndProject
Project("{F2A71F9B-5D33-465A-A702-920D77279786}") = "AdventOfCode2022", "AdventOfCode2022\AdventOfCode2022.fsproj", "{665879CC-3602-4E6C-9841-52C7772655C6}"
EndProject
Project("{2150E333-8FDC-42A3-9474-1A3956D46DE8}") = "Solution Files", "Solution Files", "{A6D99997-E025-4AB5-98F7-0F3B9ED9F2AB}"
	ProjectSection(SolutionItems) = preProject
		.gitignore = .gitignore
		LICENSE = LICENSE
	EndProjectSection
EndProject
Project("{F2A71F9B-5D33-465A-A702-920D77279786}") = "AdventOfCode2021", "AdventOfCode2021\AdventOfCode2021.fsproj", "{11EE0F1B-EF1B-4715-B28E-3A5F8B00E6D1}"
EndProject
Project("{F2A71F9B-5D33-465A-A702-920D77279786}") = "AdventOfCode2023", "AdventOfCode2023\AdventOfCode2023.fsproj", "{758E5F45-C747-4BE0-BE78-CC6B3B3965E1}"
EndProject
Global
	GlobalSection(SolutionConfigurationPlatforms) = preSolution
		Debug|Any CPU = Debug|Any CPU
		Release|Any CPU = Release|Any CPU
	EndGlobalSection
	GlobalSection(ProjectConfigurationPlatforms) = postSolution
		{0F7B7025-A1AC-439A-85AF-44AFFAA34EB9}.Debug|Any CPU.ActiveCfg = Debug|Any CPU
		{0F7B7025-A1AC-439A-85AF-44AFFAA34EB9}.Debug|Any CPU.Build.0 = Debug|Any CPU
		{0F7B7025-A1AC-439A-85AF-44AFFAA34EB9}.Release|Any CPU.ActiveCfg = Release|Any CPU
		{0F7B7025-A1AC-439A-85AF-44AFFAA34EB9}.Release|Any CPU.Build.0 = Release|Any CPU
		{CE6E5AE3-FDCA-4823-A3A0-5DCB2162AE2F}.Debug|Any CPU.ActiveCfg = Debug|Any CPU
		{CE6E5AE3-FDCA-4823-A3A0-5DCB2162AE2F}.Debug|Any CPU.Build.0 = Debug|Any CPU
		{CE6E5AE3-FDCA-4823-A3A0-5DCB2162AE2F}.Release|Any CPU.ActiveCfg = Release|Any CPU
		{CE6E5AE3-FDCA-4823-A3A0-5DCB2162AE2F}.Release|Any CPU.Build.0 = Release|Any CPU
		{665879CC-3602-4E6C-9841-52C7772655C6}.Debug|Any CPU.ActiveCfg = Debug|Any CPU
		{665879CC-3602-4E6C-9841-52C7772655C6}.Debug|Any CPU.Build.0 = Debug|Any CPU
		{665879CC-3602-4E6C-9841-52C7772655C6}.Release|Any CPU.ActiveCfg = Release|Any CPU
		{665879CC-3602-4E6C-9841-52C7772655C6}.Release|Any CPU.Build.0 = Release|Any CPU
		{11EE0F1B-EF1B-4715-B28E-3A5F8B00E6D1}.Debug|Any CPU.ActiveCfg = Debug|Any CPU
		{11EE0F1B-EF1B-4715-B28E-3A5F8B00E6D1}.Debug|Any CPU.Build.0 = Debug|Any CPU
		{11EE0F1B-EF1B-4715-B28E-3A5F8B00E6D1}.Release|Any CPU.ActiveCfg = Release|Any CPU
		{11EE0F1B-EF1B-4715-B28E-3A5F8B00E6D1}.Release|Any CPU.Build.0 = Release|Any CPU
		{758E5F45-C747-4BE0-BE78-CC6B3B3965E1}.Debug|Any CPU.ActiveCfg = Debug|Any CPU
		{758E5F45-C747-4BE0-BE78-CC6B3B3965E1}.Debug|Any CPU.Build.0 = Debug|Any CPU
		{758E5F45-C747-4BE0-BE78-CC6B3B3965E1}.Release|Any CPU.ActiveCfg = Release|Any CPU
		{758E5F45-C747-4BE0-BE78-CC6B3B3965E1}.Release|Any CPU.Build.0 = Release|Any CPU
	EndGlobalSection
	GlobalSection(SolutionProperties) = preSolution
		HideSolutionNode = FALSE
	EndGlobalSection
	GlobalSection(ExtensibilityGlobals) = postSolution
		SolutionGuid = {EC753AFA-0726-41E3-9B34-A6A34EE5B872}
	EndGlobalSection
EndGlobal
